// !$*UTF8*$!
{
	archiveVersion = 1;
	classes = {
	};
	objectVersion = 55;
	objects = {

/* Begin PBXBuildFile section */
		A2234A0728AB180800664AE0 /* CouponView.swift in Sources */ = {isa = PBXBuildFile; fileRef = A2234A0628AB180800664AE0 /* CouponView.swift */; };
		A2234A0928AB192800664AE0 /* CouponDisplayItem.swift in Sources */ = {isa = PBXBuildFile; fileRef = A2234A0828AB192800664AE0 /* CouponDisplayItem.swift */; };
		A2234A0D28AB1F6E00664AE0 /* EditImageView.swift in Sources */ = {isa = PBXBuildFile; fileRef = A2234A0C28AB1F6E00664AE0 /* EditImageView.swift */; };
		A248EEB928B071CC002FE57B /* Location.swift in Sources */ = {isa = PBXBuildFile; fileRef = A248EEB828B071CC002FE57B /* Location.swift */; };
		A248EEBB28B07334002FE57B /* LocationManager.swift in Sources */ = {isa = PBXBuildFile; fileRef = A248EEBA28B07334002FE57B /* LocationManager.swift */; };
		A26F41112896434A00A6EC06 /* NewClotheItemView.swift in Sources */ = {isa = PBXBuildFile; fileRef = A26F41102896434A00A6EC06 /* NewClotheItemView.swift */; };
		A26F411428964E6C00A6EC06 /* ImagePicker.swift in Sources */ = {isa = PBXBuildFile; fileRef = A26F411328964E6C00A6EC06 /* ImagePicker.swift */; };
		A27C0C7D28924E220075532A /* CIRCUSApp.swift in Sources */ = {isa = PBXBuildFile; fileRef = A27C0C7C28924E220075532A /* CIRCUSApp.swift */; };
		A27C0C7F28924E220075532A /* ContentView.swift in Sources */ = {isa = PBXBuildFile; fileRef = A27C0C7E28924E220075532A /* ContentView.swift */; };
		A27C0C8128924E240075532A /* Assets.xcassets in Resources */ = {isa = PBXBuildFile; fileRef = A27C0C8028924E240075532A /* Assets.xcassets */; };
		A27C0C8428924E240075532A /* Preview Assets.xcassets in Resources */ = {isa = PBXBuildFile; fileRef = A27C0C8328924E240075532A /* Preview Assets.xcassets */; };
		A27C0C8B28924F890075532A /* ProfileView.swift in Sources */ = {isa = PBXBuildFile; fileRef = A27C0C8A28924F890075532A /* ProfileView.swift */; };
		A27C0C8D289250040075532A /* RecyclingView.swift in Sources */ = {isa = PBXBuildFile; fileRef = A27C0C8C289250040075532A /* RecyclingView.swift */; };
		A27C0C8F289250150075532A /* ExchangeView.swift in Sources */ = {isa = PBXBuildFile; fileRef = A27C0C8E289250150075532A /* ExchangeView.swift */; };
		A27C0C912892502F0075532A /* ClosetView.swift in Sources */ = {isa = PBXBuildFile; fileRef = A27C0C902892502F0075532A /* ClosetView.swift */; };
		A27C0C9328925B120075532A /* Clothes.swift in Sources */ = {isa = PBXBuildFile; fileRef = A27C0C9228925B120075532A /* Clothes.swift */; };
		A2A8289828AF6401004B4D42 /* EnterLocationView.swift in Sources */ = {isa = PBXBuildFile; fileRef = A2A8289728AF6401004B4D42 /* EnterLocationView.swift */; };
		A2DAA54D28ACAF2A0047948F /* Avatar.swift in Sources */ = {isa = PBXBuildFile; fileRef = A2DAA54C28ACAF2A0047948F /* Avatar.swift */; };
		A2EDDFE928A5D71C00E99540 /* Coupon.swift in Sources */ = {isa = PBXBuildFile; fileRef = A2EDDFE828A5D71C00E99540 /* Coupon.swift */; };
		A2EDDFEB28A5D85800E99540 /* CouponDetailView.swift in Sources */ = {isa = PBXBuildFile; fileRef = A2EDDFEA28A5D85800E99540 /* CouponDetailView.swift */; };
/* End PBXBuildFile section */

/* Begin PBXFileReference section */
		A2234A0628AB180800664AE0 /* CouponView.swift */ = {isa = PBXFileReference; lastKnownFileType = sourcecode.swift; path = CouponView.swift; sourceTree = "<group>"; };
		A2234A0828AB192800664AE0 /* CouponDisplayItem.swift */ = {isa = PBXFileReference; lastKnownFileType = sourcecode.swift; path = CouponDisplayItem.swift; sourceTree = "<group>"; };
		A2234A0C28AB1F6E00664AE0 /* EditImageView.swift */ = {isa = PBXFileReference; lastKnownFileType = sourcecode.swift; path = EditImageView.swift; sourceTree = "<group>"; };
		A22CB8D8289A3F2D00058C36 /* Info.plist */ = {isa = PBXFileReference; lastKnownFileType = text.plist; path = Info.plist; sourceTree = "<group>"; };
		A248EEB828B071CC002FE57B /* Location.swift */ = {isa = PBXFileReference; lastKnownFileType = sourcecode.swift; path = Location.swift; sourceTree = "<group>"; };
		A248EEBA28B07334002FE57B /* LocationManager.swift */ = {isa = PBXFileReference; lastKnownFileType = sourcecode.swift; path = LocationManager.swift; sourceTree = "<group>"; };
		A26F41102896434A00A6EC06 /* NewClotheItemView.swift */ = {isa = PBXFileReference; lastKnownFileType = sourcecode.swift; path = NewClotheItemView.swift; sourceTree = "<group>"; };
		A26F411328964E6C00A6EC06 /* ImagePicker.swift */ = {isa = PBXFileReference; lastKnownFileType = sourcecode.swift; path = ImagePicker.swift; sourceTree = "<group>"; };
		A27C0C7928924E220075532A /* CIRCUS.app */ = {isa = PBXFileReference; explicitFileType = wrapper.application; includeInIndex = 0; path = CIRCUS.app; sourceTree = BUILT_PRODUCTS_DIR; };
		A27C0C7C28924E220075532A /* CIRCUSApp.swift */ = {isa = PBXFileReference; lastKnownFileType = sourcecode.swift; path = CIRCUSApp.swift; sourceTree = "<group>"; };
		A27C0C7E28924E220075532A /* ContentView.swift */ = {isa = PBXFileReference; lastKnownFileType = sourcecode.swift; path = ContentView.swift; sourceTree = "<group>"; };
		A27C0C8028924E240075532A /* Assets.xcassets */ = {isa = PBXFileReference; lastKnownFileType = folder.assetcatalog; path = Assets.xcassets; sourceTree = "<group>"; };
		A27C0C8328924E240075532A /* Preview Assets.xcassets */ = {isa = PBXFileReference; lastKnownFileType = folder.assetcatalog; path = "Preview Assets.xcassets"; sourceTree = "<group>"; };
		A27C0C8A28924F890075532A /* ProfileView.swift */ = {isa = PBXFileReference; lastKnownFileType = sourcecode.swift; path = ProfileView.swift; sourceTree = "<group>"; };
		A27C0C8C289250040075532A /* RecyclingView.swift */ = {isa = PBXFileReference; lastKnownFileType = sourcecode.swift; path = RecyclingView.swift; sourceTree = "<group>"; };
		A27C0C8E289250150075532A /* ExchangeView.swift */ = {isa = PBXFileReference; lastKnownFileType = sourcecode.swift; path = ExchangeView.swift; sourceTree = "<group>"; };
		A27C0C902892502F0075532A /* ClosetView.swift */ = {isa = PBXFileReference; lastKnownFileType = sourcecode.swift; path = ClosetView.swift; sourceTree = "<group>"; };
		A27C0C9228925B120075532A /* Clothes.swift */ = {isa = PBXFileReference; lastKnownFileType = sourcecode.swift; path = Clothes.swift; sourceTree = "<group>"; };
		A2A8289728AF6401004B4D42 /* EnterLocationView.swift */ = {isa = PBXFileReference; lastKnownFileType = sourcecode.swift; path = EnterLocationView.swift; sourceTree = "<group>"; };
		A2DAA54C28ACAF2A0047948F /* Avatar.swift */ = {isa = PBXFileReference; lastKnownFileType = sourcecode.swift; path = Avatar.swift; sourceTree = "<group>"; };
		A2EDDFE828A5D71C00E99540 /* Coupon.swift */ = {isa = PBXFileReference; lastKnownFileType = sourcecode.swift; path = Coupon.swift; sourceTree = "<group>"; };
		A2EDDFEA28A5D85800E99540 /* CouponDetailView.swift */ = {isa = PBXFileReference; lastKnownFileType = sourcecode.swift; path = CouponDetailView.swift; sourceTree = "<group>"; };
/* End PBXFileReference section */

/* Begin PBXFrameworksBuildPhase section */
		A27C0C7628924E220075532A /* Frameworks */ = {
			isa = PBXFrameworksBuildPhase;
			buildActionMask = 2147483647;
			files = (
			);
			runOnlyForDeploymentPostprocessing = 0;
		};
/* End PBXFrameworksBuildPhase section */

/* Begin PBXGroup section */
		A2234A0528AB17D500664AE0 /* Closet View */ = {
			isa = PBXGroup;
			children = (
				A26F411328964E6C00A6EC06 /* ImagePicker.swift */,
				A27C0C902892502F0075532A /* ClosetView.swift */,
				A26F41102896434A00A6EC06 /* NewClotheItemView.swift */,
			);
			path = "Closet View";
			sourceTree = "<group>";
		};
		A2234A0A28AB194600664AE0 /* Coupon Display */ = {
			isa = PBXGroup;
			children = (
				A2234A0828AB192800664AE0 /* CouponDisplayItem.swift */,
				A2EDDFEA28A5D85800E99540 /* CouponDetailView.swift */,
				A2234A0628AB180800664AE0 /* CouponView.swift */,
			);
			path = "Coupon Display";
			sourceTree = "<group>";
		};
		A2234A0B28AB195E00664AE0 /* Profile View */ = {
			isa = PBXGroup;
			children = (
				A2234A0C28AB1F6E00664AE0 /* EditImageView.swift */,
				A27C0C8A28924F890075532A /* ProfileView.swift */,
				A2A8289728AF6401004B4D42 /* EnterLocationView.swift */,
				A248EEB828B071CC002FE57B /* Location.swift */,
				A2234A0A28AB194600664AE0 /* Coupon Display */,
			);
			path = "Profile View";
			sourceTree = "<group>";
		};
		A27C0C7028924E220075532A = {
			isa = PBXGroup;
			children = (
				A248EEBA28B07334002FE57B /* LocationManager.swift */,
				A27C0C7B28924E220075532A /* CIRCUS */,
				A27C0C7A28924E220075532A /* Products */,
			);
			sourceTree = "<group>";
		};
		A27C0C7A28924E220075532A /* Products */ = {
			isa = PBXGroup;
			children = (
				A27C0C7928924E220075532A /* CIRCUS.app */,
			);
			name = Products;
			sourceTree = "<group>";
		};
		A27C0C7B28924E220075532A /* CIRCUS */ = {
			isa = PBXGroup;
			children = (
				A22CB8D8289A3F2D00058C36 /* Info.plist */,
				A27C0C7C28924E220075532A /* CIRCUSApp.swift */,
				A27C0C7E28924E220075532A /* ContentView.swift */,
				A27C0C8C289250040075532A /* RecyclingView.swift */,
				A27C0C8E289250150075532A /* ExchangeView.swift */,
				A2DAA54C28ACAF2A0047948F /* Avatar.swift */,
				A2EDDFE828A5D71C00E99540 /* Coupon.swift */,
				A27C0C9228925B120075532A /* Clothes.swift */,
				A2234A0B28AB195E00664AE0 /* Profile View */,
				A27C0C8028924E240075532A /* Assets.xcassets */,
				A2234A0528AB17D500664AE0 /* Closet View */,
				A27C0C8228924E240075532A /* Preview Content */,
			);
			path = CIRCUS;
			sourceTree = "<group>";
		};
		A27C0C8228924E240075532A /* Preview Content */ = {
			isa = PBXGroup;
			children = (
				A27C0C8328924E240075532A /* Preview Assets.xcassets */,
			);
			path = "Preview Content";
			sourceTree = "<group>";
		};
/* End PBXGroup section */

/* Begin PBXNativeTarget section */
		A27C0C7828924E220075532A /* CIRCUS */ = {
			isa = PBXNativeTarget;
			buildConfigurationList = A27C0C8728924E240075532A /* Build configuration list for PBXNativeTarget "CIRCUS" */;
			buildPhases = (
				A27C0C7528924E220075532A /* Sources */,
				A27C0C7628924E220075532A /* Frameworks */,
				A27C0C7728924E220075532A /* Resources */,
			);
			buildRules = (
			);
			dependencies = (
			);
			name = CIRCUS;
			packageProductDependencies = (
			);
			productName = CIRCUS;
			productReference = A27C0C7928924E220075532A /* CIRCUS.app */;
			productType = "com.apple.product-type.application";
		};
/* End PBXNativeTarget section */

/* Begin PBXProject section */
		A27C0C7128924E220075532A /* Project object */ = {
			isa = PBXProject;
			attributes = {
				BuildIndependentTargetsInParallel = 1;
				LastSwiftUpdateCheck = 1340;
				LastUpgradeCheck = 1340;
				TargetAttributes = {
					A27C0C7828924E220075532A = {
						CreatedOnToolsVersion = 13.4.1;
					};
				};
			};
			buildConfigurationList = A27C0C7428924E220075532A /* Build configuration list for PBXProject "CIRCUS" */;
			compatibilityVersion = "Xcode 13.0";
			developmentRegion = en;
			hasScannedForEncodings = 0;
			knownRegions = (
				en,
				Base,
			);
			mainGroup = A27C0C7028924E220075532A;
			packageReferences = (
			);
			productRefGroup = A27C0C7A28924E220075532A /* Products */;
			projectDirPath = "";
			projectRoot = "";
			targets = (
				A27C0C7828924E220075532A /* CIRCUS */,
			);
		};
/* End PBXProject section */

/* Begin PBXResourcesBuildPhase section */
		A27C0C7728924E220075532A /* Resources */ = {
			isa = PBXResourcesBuildPhase;
			buildActionMask = 2147483647;
			files = (
				A27C0C8428924E240075532A /* Preview Assets.xcassets in Resources */,
				A27C0C8128924E240075532A /* Assets.xcassets in Resources */,
			);
			runOnlyForDeploymentPostprocessing = 0;
		};
/* End PBXResourcesBuildPhase section */

/* Begin PBXSourcesBuildPhase section */
		A27C0C7528924E220075532A /* Sources */ = {
			isa = PBXSourcesBuildPhase;
			buildActionMask = 2147483647;
			files = (
				A27C0C7F28924E220075532A /* ContentView.swift in Sources */,
				A27C0C9328925B120075532A /* Clothes.swift in Sources */,
				A27C0C8D289250040075532A /* RecyclingView.swift in Sources */,
				A2DAA54D28ACAF2A0047948F /* Avatar.swift in Sources */,
				A2A8289828AF6401004B4D42 /* EnterLocationView.swift in Sources */,
				A248EEB928B071CC002FE57B /* Location.swift in Sources */,
				A26F411428964E6C00A6EC06 /* ImagePicker.swift in Sources */,
				A27C0C912892502F0075532A /* ClosetView.swift in Sources */,
				A248EEBB28B07334002FE57B /* LocationManager.swift in Sources */,
				A2EDDFE928A5D71C00E99540 /* Coupon.swift in Sources */,
				A2234A0728AB180800664AE0 /* CouponView.swift in Sources */,
				A27C0C8B28924F890075532A /* ProfileView.swift in Sources */,
				A26F41112896434A00A6EC06 /* NewClotheItemView.swift in Sources */,
				A2EDDFEB28A5D85800E99540 /* CouponDetailView.swift in Sources */,
				A2234A0D28AB1F6E00664AE0 /* EditImageView.swift in Sources */,
				A27C0C8F289250150075532A /* ExchangeView.swift in Sources */,
				A27C0C7D28924E220075532A /* CIRCUSApp.swift in Sources */,
				A2234A0928AB192800664AE0 /* CouponDisplayItem.swift in Sources */,
			);
			runOnlyForDeploymentPostprocessing = 0;
		};
/* End PBXSourcesBuildPhase section */

/* Begin XCBuildConfiguration section */
		A27C0C8528924E240075532A /* Debug */ = {
			isa = XCBuildConfiguration;
			buildSettings = {
				ALWAYS_SEARCH_USER_PATHS = NO;
				CLANG_ANALYZER_NONNULL = YES;
				CLANG_ANALYZER_NUMBER_OBJECT_CONVERSION = YES_AGGRESSIVE;
				CLANG_CXX_LANGUAGE_STANDARD = "gnu++17";
				CLANG_ENABLE_MODULES = YES;
				CLANG_ENABLE_OBJC_ARC = YES;
				CLANG_ENABLE_OBJC_WEAK = YES;
				CLANG_WARN_BLOCK_CAPTURE_AUTORELEASING = YES;
				CLANG_WARN_BOOL_CONVERSION = YES;
				CLANG_WARN_COMMA = YES;
				CLANG_WARN_CONSTANT_CONVERSION = YES;
				CLANG_WARN_DEPRECATED_OBJC_IMPLEMENTATIONS = YES;
				CLANG_WARN_DIRECT_OBJC_ISA_USAGE = YES_ERROR;
				CLANG_WARN_DOCUMENTATION_COMMENTS = YES;
				CLANG_WARN_EMPTY_BODY = YES;
				CLANG_WARN_ENUM_CONVERSION = YES;
				CLANG_WARN_INFINITE_RECURSION = YES;
				CLANG_WARN_INT_CONVERSION = YES;
				CLANG_WARN_NON_LITERAL_NULL_CONVERSION = YES;
				CLANG_WARN_OBJC_IMPLICIT_RETAIN_SELF = YES;
				CLANG_WARN_OBJC_LITERAL_CONVERSION = YES;
				CLANG_WARN_OBJC_ROOT_CLASS = YES_ERROR;
				CLANG_WARN_QUOTED_INCLUDE_IN_FRAMEWORK_HEADER = YES;
				CLANG_WARN_RANGE_LOOP_ANALYSIS = YES;
				CLANG_WARN_STRICT_PROTOTYPES = YES;
				CLANG_WARN_SUSPICIOUS_MOVE = YES;
				CLANG_WARN_UNGUARDED_AVAILABILITY = YES_AGGRESSIVE;
				CLANG_WARN_UNREACHABLE_CODE = YES;
				CLANG_WARN__DUPLICATE_METHOD_MATCH = YES;
				COPY_PHASE_STRIP = NO;
				DEBUG_INFORMATION_FORMAT = dwarf;
				ENABLE_STRICT_OBJC_MSGSEND = YES;
				ENABLE_TESTABILITY = YES;
				GCC_C_LANGUAGE_STANDARD = gnu11;
				GCC_DYNAMIC_NO_PIC = NO;
				GCC_NO_COMMON_BLOCKS = YES;
				GCC_OPTIMIZATION_LEVEL = 0;
				GCC_PREPROCESSOR_DEFINITIONS = (
					"DEBUG=1",
					"$(inherited)",
				);
				GCC_WARN_64_TO_32_BIT_CONVERSION = YES;
				GCC_WARN_ABOUT_RETURN_TYPE = YES_ERROR;
				GCC_WARN_UNDECLARED_SELECTOR = YES;
				GCC_WARN_UNINITIALIZED_AUTOS = YES_AGGRESSIVE;
				GCC_WARN_UNUSED_FUNCTION = YES;
				GCC_WARN_UNUSED_VARIABLE = YES;
				IPHONEOS_DEPLOYMENT_TARGET = 15.5;
				MTL_ENABLE_DEBUG_INFO = INCLUDE_SOURCE;
				MTL_FAST_MATH = YES;
				ONLY_ACTIVE_ARCH = YES;
				SDKROOT = iphoneos;
				SWIFT_ACTIVE_COMPILATION_CONDITIONS = DEBUG;
				SWIFT_OPTIMIZATION_LEVEL = "-Onone";
			};
			name = Debug;
		};
		A27C0C8628924E240075532A /* Release */ = {
			isa = XCBuildConfiguration;
			buildSettings = {
				ALWAYS_SEARCH_USER_PATHS = NO;
				CLANG_ANALYZER_NONNULL = YES;
				CLANG_ANALYZER_NUMBER_OBJECT_CONVERSION = YES_AGGRESSIVE;
				CLANG_CXX_LANGUAGE_STANDARD = "gnu++17";
				CLANG_ENABLE_MODULES = YES;
				CLANG_ENABLE_OBJC_ARC = YES;
				CLANG_ENABLE_OBJC_WEAK = YES;
				CLANG_WARN_BLOCK_CAPTURE_AUTORELEASING = YES;
				CLANG_WARN_BOOL_CONVERSION = YES;
				CLANG_WARN_COMMA = YES;
				CLANG_WARN_CONSTANT_CONVERSION = YES;
				CLANG_WARN_DEPRECATED_OBJC_IMPLEMENTATIONS = YES;
				CLANG_WARN_DIRECT_OBJC_ISA_USAGE = YES_ERROR;
				CLANG_WARN_DOCUMENTATION_COMMENTS = YES;
				CLANG_WARN_EMPTY_BODY = YES;
				CLANG_WARN_ENUM_CONVERSION = YES;
				CLANG_WARN_INFINITE_RECURSION = YES;
				CLANG_WARN_INT_CONVERSION = YES;
				CLANG_WARN_NON_LITERAL_NULL_CONVERSION = YES;
				CLANG_WARN_OBJC_IMPLICIT_RETAIN_SELF = YES;
				CLANG_WARN_OBJC_LITERAL_CONVERSION = YES;
				CLANG_WARN_OBJC_ROOT_CLASS = YES_ERROR;
				CLANG_WARN_QUOTED_INCLUDE_IN_FRAMEWORK_HEADER = YES;
				CLANG_WARN_RANGE_LOOP_ANALYSIS = YES;
				CLANG_WARN_STRICT_PROTOTYPES = YES;
				CLANG_WARN_SUSPICIOUS_MOVE = YES;
				CLANG_WARN_UNGUARDED_AVAILABILITY = YES_AGGRESSIVE;
				CLANG_WARN_UNREACHABLE_CODE = YES;
				CLANG_WARN__DUPLICATE_METHOD_MATCH = YES;
				COPY_PHASE_STRIP = NO;
				DEBUG_INFORMATION_FORMAT = "dwarf-with-dsym";
				ENABLE_NS_ASSERTIONS = NO;
				ENABLE_STRICT_OBJC_MSGSEND = YES;
				GCC_C_LANGUAGE_STANDARD = gnu11;
				GCC_NO_COMMON_BLOCKS = YES;
				GCC_WARN_64_TO_32_BIT_CONVERSION = YES;
				GCC_WARN_ABOUT_RETURN_TYPE = YES_ERROR;
				GCC_WARN_UNDECLARED_SELECTOR = YES;
				GCC_WARN_UNINITIALIZED_AUTOS = YES_AGGRESSIVE;
				GCC_WARN_UNUSED_FUNCTION = YES;
				GCC_WARN_UNUSED_VARIABLE = YES;
				IPHONEOS_DEPLOYMENT_TARGET = 15.5;
				MTL_ENABLE_DEBUG_INFO = NO;
				MTL_FAST_MATH = YES;
				SDKROOT = iphoneos;
				SWIFT_COMPILATION_MODE = wholemodule;
				SWIFT_OPTIMIZATION_LEVEL = "-O";
				VALIDATE_PRODUCT = YES;
			};
			name = Release;
		};
		A27C0C8828924E240075532A /* Debug */ = {
			isa = XCBuildConfiguration;
			buildSettings = {
				ASSETCATALOG_COMPILER_APPICON_NAME = AppIcon;
				ASSETCATALOG_COMPILER_GLOBAL_ACCENT_COLOR_NAME = AccentColor;
				CODE_SIGN_STYLE = Automatic;
				CURRENT_PROJECT_VERSION = 1;
				DEVELOPMENT_ASSET_PATHS = "\"CIRCUS/Preview Content\"";
				DEVELOPMENT_TEAM = AK2D6F4W7X;
				ENABLE_PREVIEWS = YES;
				GENERATE_INFOPLIST_FILE = YES;
				INFOPLIST_FILE = CIRCUS/Info.plist;
				INFOPLIST_KEY_NSCameraUsageDescription = "Need to access the camera for taking photos";
				INFOPLIST_KEY_UIApplicationSceneManifest_Generation = YES;
				INFOPLIST_KEY_UIApplicationSupportsIndirectInputEvents = YES;
				INFOPLIST_KEY_UILaunchScreen_Generation = YES;
				INFOPLIST_KEY_UISupportedInterfaceOrientations_iPad = "UIInterfaceOrientationPortrait UIInterfaceOrientationPortraitUpsideDown UIInterfaceOrientationLandscapeLeft UIInterfaceOrientationLandscapeRight";
				INFOPLIST_KEY_UISupportedInterfaceOrientations_iPhone = "UIInterfaceOrientationPortrait UIInterfaceOrientationLandscapeLeft UIInterfaceOrientationLandscapeRight";
				LD_RUNPATH_SEARCH_PATHS = (
					"$(inherited)",
					"@executable_path/Frameworks",
				);
				MARKETING_VERSION = 1.0;
				PRODUCT_BUNDLE_IDENTIFIER = com.nicole.CIRCUS;
				PRODUCT_NAME = "$(TARGET_NAME)";
				SWIFT_EMIT_LOC_STRINGS = YES;
				SWIFT_VERSION = 5.0;
				TARGETED_DEVICE_FAMILY = "1,2";
			};
			name = Debug;
		};
		A27C0C8928924E240075532A /* Release */ = {
			isa = XCBuildConfiguration;
			buildSettings = {
				ASSETCATALOG_COMPILER_APPICON_NAME = AppIcon;
				ASSETCATALOG_COMPILER_GLOBAL_ACCENT_COLOR_NAME = AccentColor;
				CODE_SIGN_STYLE = Automatic;
				CURRENT_PROJECT_VERSION = 1;
				DEVELOPMENT_ASSET_PATHS = "\"CIRCUS/Preview Content\"";
				DEVELOPMENT_TEAM = AK2D6F4W7X;
				ENABLE_PREVIEWS = YES;
				GENERATE_INFOPLIST_FILE = YES;
				INFOPLIST_FILE = CIRCUS/Info.plist;
				INFOPLIST_KEY_NSCameraUsageDescription = "Need to access the camera for taking photos";
				INFOPLIST_KEY_UIApplicationSceneManifest_Generation = YES;
				INFOPLIST_KEY_UIApplicationSupportsIndirectInputEvents = YES;
				INFOPLIST_KEY_UILaunchScreen_Generation = YES;
				INFOPLIST_KEY_UISupportedInterfaceOrientations_iPad = "UIInterfaceOrientationPortrait UIInterfaceOrientationPortraitUpsideDown UIInterfaceOrientationLandscapeLeft UIInterfaceOrientationLandscapeRight";
				INFOPLIST_KEY_UISupportedInterfaceOrientations_iPhone = "UIInterfaceOrientationPortrait UIInterfaceOrientationLandscapeLeft UIInterfaceOrientationLandscapeRight";
				LD_RUNPATH_SEARCH_PATHS = (
					"$(inherited)",
					"@executable_path/Frameworks",
				);
				MARKETING_VERSION = 1.0;
				PRODUCT_BUNDLE_IDENTIFIER = com.nicole.CIRCUS;
				PRODUCT_NAME = "$(TARGET_NAME)";
				SWIFT_EMIT_LOC_STRINGS = YES;
				SWIFT_VERSION = 5.0;
				TARGETED_DEVICE_FAMILY = "1,2";
			};
			name = Release;
		};
/* End XCBuildConfiguration section */

/* Begin XCConfigurationList section */
		A27C0C7428924E220075532A /* Build configuration list for PBXProject "CIRCUS" */ = {
			isa = XCConfigurationList;
			buildConfigurations = (
				A27C0C8528924E240075532A /* Debug */,
				A27C0C8628924E240075532A /* Release */,
			);
			defaultConfigurationIsVisible = 0;
			defaultConfigurationName = Release;
		};
		A27C0C8728924E240075532A /* Build configuration list for PBXNativeTarget "CIRCUS" */ = {
			isa = XCConfigurationList;
			buildConfigurations = (
				A27C0C8828924E240075532A /* Debug */,
				A27C0C8928924E240075532A /* Release */,
			);
			defaultConfigurationIsVisible = 0;
			defaultConfigurationName = Release;
		};
/* End XCConfigurationList section */
	};
	rootObject = A27C0C7128924E220075532A /* Project object */;
}
